// !$*UTF8*$!
{
	archiveVersion = 1;
	classes = {
	};
	objectVersion = 50;
	objects = {

/* Begin PBXBuildFile section */
		770B3E38234F970800570A9F /* Speed.swift in Sources */ = {isa = PBXBuildFile; fileRef = 770B3E37234F970800570A9F /* Speed.swift */; };
		77E248BD234F4B3300514489 /* AppDelegate.swift in Sources */ = {isa = PBXBuildFile; fileRef = 77E248BC234F4B3300514489 /* AppDelegate.swift */; };
		77E248BF234F4B3300514489 /* SceneDelegate.swift in Sources */ = {isa = PBXBuildFile; fileRef = 77E248BE234F4B3300514489 /* SceneDelegate.swift */; };
		77E248C1234F4B3300514489 /* ContentView.swift in Sources */ = {isa = PBXBuildFile; fileRef = 77E248C0234F4B3300514489 /* ContentView.swift */; };
		77E248C3234F4B3300514489 /* Assets.xcassets in Resources */ = {isa = PBXBuildFile; fileRef = 77E248C2234F4B3300514489 /* Assets.xcassets */; };
		77E248C6234F4B3300514489 /* Preview Assets.xcassets in Resources */ = {isa = PBXBuildFile; fileRef = 77E248C5234F4B3300514489 /* Preview Assets.xcassets */; };
		77E248C9234F4B3300514489 /* LaunchScreen.storyboard in Resources */ = {isa = PBXBuildFile; fileRef = 77E248C7234F4B3300514489 /* LaunchScreen.storyboard */; };
		77E248D2234F4B7600514489 /* Direction.swift in Sources */ = {isa = PBXBuildFile; fileRef = 77E248D1234F4B7600514489 /* Direction.swift */; };
		77ECC3B823562A9A009FD234 /* PieView.swift in Sources */ = {isa = PBXBuildFile; fileRef = 77ECC3B723562A9A009FD234 /* PieView.swift */; };
/* End PBXBuildFile section */

/* Begin PBXFileReference section */
		770B3E37234F970800570A9F /* Speed.swift */ = {isa = PBXFileReference; lastKnownFileType = sourcecode.swift; path = Speed.swift; sourceTree = "<group>"; };
		77E248B9234F4B3300514489 /* Day-pi.app */ = {isa = PBXFileReference; explicitFileType = wrapper.application; includeInIndex = 0; path = "Day-pi.app"; sourceTree = BUILT_PRODUCTS_DIR; };
		77E248BC234F4B3300514489 /* AppDelegate.swift */ = {isa = PBXFileReference; lastKnownFileType = sourcecode.swift; path = AppDelegate.swift; sourceTree = "<group>"; };
		77E248BE234F4B3300514489 /* SceneDelegate.swift */ = {isa = PBXFileReference; lastKnownFileType = sourcecode.swift; path = SceneDelegate.swift; sourceTree = "<group>"; };
		77E248C0234F4B3300514489 /* ContentView.swift */ = {isa = PBXFileReference; lastKnownFileType = sourcecode.swift; path = ContentView.swift; sourceTree = "<group>"; };
		77E248C2234F4B3300514489 /* Assets.xcassets */ = {isa = PBXFileReference; lastKnownFileType = folder.assetcatalog; path = Assets.xcassets; sourceTree = "<group>"; };
		77E248C5234F4B3300514489 /* Preview Assets.xcassets */ = {isa = PBXFileReference; lastKnownFileType = folder.assetcatalog; path = "Preview Assets.xcassets"; sourceTree = "<group>"; };
		77E248C8234F4B3300514489 /* Base */ = {isa = PBXFileReference; lastKnownFileType = file.storyboard; name = Base; path = Base.lproj/LaunchScreen.storyboard; sourceTree = "<group>"; };
		77E248CA234F4B3300514489 /* Info.plist */ = {isa = PBXFileReference; lastKnownFileType = text.plist.xml; path = Info.plist; sourceTree = "<group>"; };
		77E248D1234F4B7600514489 /* Direction.swift */ = {isa = PBXFileReference; lastKnownFileType = sourcecode.swift; path = Direction.swift; sourceTree = "<group>"; };
		77ECC3B723562A9A009FD234 /* PieView.swift */ = {isa = PBXFileReference; lastKnownFileType = sourcecode.swift; path = PieView.swift; sourceTree = "<group>"; };
/* End PBXFileReference section */

/* Begin PBXFrameworksBuildPhase section */
		77E248B6234F4B3300514489 /* Frameworks */ = {
			isa = PBXFrameworksBuildPhase;
			buildActionMask = 2147483647;
			files = (
			);
			runOnlyForDeploymentPostprocessing = 0;
		};
/* End PBXFrameworksBuildPhase section */

/* Begin PBXGroup section */
		77E248B0234F4B3300514489 = {
			isa = PBXGroup;
			children = (
				77E248BB234F4B3300514489 /* Day-pi */,
				77E248BA234F4B3300514489 /* Products */,
			);
			sourceTree = "<group>";
		};
		77E248BA234F4B3300514489 /* Products */ = {
			isa = PBXGroup;
			children = (
				77E248B9234F4B3300514489 /* Day-pi.app */,
			);
			name = Products;
			sourceTree = "<group>";
		};
		77E248BB234F4B3300514489 /* Day-pi */ = {
			isa = PBXGroup;
			children = (
				77E248D5234F7B0600514489 /* Views */,
				77E248D0234F4B6600514489 /* Models */,
				77E248BC234F4B3300514489 /* AppDelegate.swift */,
				77E248BE234F4B3300514489 /* SceneDelegate.swift */,
				77E248C0234F4B3300514489 /* ContentView.swift */,
				77E248C2234F4B3300514489 /* Assets.xcassets */,
				77E248C7234F4B3300514489 /* LaunchScreen.storyboard */,
				77E248CA234F4B3300514489 /* Info.plist */,
				77E248C4234F4B3300514489 /* Preview Content */,
			);
			path = "Day-pi";
			sourceTree = "<group>";
		};
		77E248C4234F4B3300514489 /* Preview Content */ = {
			isa = PBXGroup;
			children = (
				77E248C5234F4B3300514489 /* Preview Assets.xcassets */,
			);
			path = "Preview Content";
			sourceTree = "<group>";
		};
		77E248D0234F4B6600514489 /* Models */ = {
			isa = PBXGroup;
			children = (
				77E248D1234F4B7600514489 /* Direction.swift */,
				770B3E37234F970800570A9F /* Speed.swift */,
			);
			path = Models;
			sourceTree = "<group>";
		};
		77E248D5234F7B0600514489 /* Views */ = {
			isa = PBXGroup;
			children = (
				77ECC3B723562A9A009FD234 /* PieView.swift */,
			);
			path = Views;
			sourceTree = "<group>";
		};
/* End PBXGroup section */

/* Begin PBXNativeTarget section */
		77E248B8234F4B3300514489 /* Day-pi */ = {
			isa = PBXNativeTarget;
			buildConfigurationList = 77E248CD234F4B3300514489 /* Build configuration list for PBXNativeTarget "Day-pi" */;
			buildPhases = (
				77E248B5234F4B3300514489 /* Sources */,
				77E248B6234F4B3300514489 /* Frameworks */,
				77E248B7234F4B3300514489 /* Resources */,
			);
			buildRules = (
			);
			dependencies = (
			);
			name = "Day-pi";
			productName = "Day-pi";
			productReference = 77E248B9234F4B3300514489 /* Day-pi.app */;
			productType = "com.apple.product-type.application";
		};
/* End PBXNativeTarget section */

/* Begin PBXProject section */
		77E248B1234F4B3300514489 /* Project object */ = {
			isa = PBXProject;
			attributes = {
				LastSwiftUpdateCheck = 1110;
				LastUpgradeCheck = 1110;
				ORGANIZATIONNAME = "EDGARDO AGNO";
				TargetAttributes = {
					77E248B8234F4B3300514489 = {
						CreatedOnToolsVersion = 11.1;
					};
				};
			};
			buildConfigurationList = 77E248B4234F4B3300514489 /* Build configuration list for PBXProject "Day-pi" */;
			compatibilityVersion = "Xcode 9.3";
			developmentRegion = en;
			hasScannedForEncodings = 0;
			knownRegions = (
				en,
				Base,
			);
			mainGroup = 77E248B0234F4B3300514489;
			productRefGroup = 77E248BA234F4B3300514489 /* Products */;
			projectDirPath = "";
			projectRoot = "";
			targets = (
				77E248B8234F4B3300514489 /* Day-pi */,
			);
		};
/* End PBXProject section */

/* Begin PBXResourcesBuildPhase section */
		77E248B7234F4B3300514489 /* Resources */ = {
			isa = PBXResourcesBuildPhase;
			buildActionMask = 2147483647;
			files = (
				77E248C9234F4B3300514489 /* LaunchScreen.storyboard in Resources */,
				77E248C6234F4B3300514489 /* Preview Assets.xcassets in Resources */,
				77E248C3234F4B3300514489 /* Assets.xcassets in Resources */,
			);
			runOnlyForDeploymentPostprocessing = 0;
		};
/* End PBXResourcesBuildPhase section */

/* Begin PBXSourcesBuildPhase section */
		77E248B5234F4B3300514489 /* Sources */ = {
			isa = PBXSourcesBuildPhase;
			buildActionMask = 2147483647;
			files = (
				77ECC3B823562A9A009FD234 /* PieView.swift in Sources */,
				77E248BD234F4B3300514489 /* AppDelegate.swift in Sources */,
				77E248BF234F4B3300514489 /* SceneDelegate.swift in Sources */,
				770B3E38234F970800570A9F /* Speed.swift in Sources */,
				77E248C1234F4B3300514489 /* ContentView.swift in Sources */,
				77E248D2234F4B7600514489 /* Direction.swift in Sources */,
			);
			runOnlyForDeploymentPostprocessing = 0;
		};
/* End PBXSourcesBuildPhase section */

/* Begin PBXVariantGroup section */
		77E248C7234F4B3300514489 /* LaunchScreen.storyboard */ = {
			isa = PBXVariantGroup;
			children = (
				77E248C8234F4B3300514489 /* Base */,
			);
			name = LaunchScreen.storyboard;
			sourceTree = "<group>";
		};
/* End PBXVariantGroup section */

/* Begin XCBuildConfiguration section */
		77E248CB234F4B3300514489 /* Debug */ = {
			isa = XCBuildConfiguration;
			buildSettings = {
				ALWAYS_SEARCH_USER_PATHS = NO;
				CLANG_ANALYZER_NONNULL = YES;
				CLANG_ANALYZER_NUMBER_OBJECT_CONVERSION = YES_AGGRESSIVE;
				CLANG_CXX_LANGUAGE_STANDARD = "gnu++14";
				CLANG_CXX_LIBRARY = "libc++";
				CLANG_ENABLE_MODULES = YES;
				CLANG_ENABLE_OBJC_ARC = YES;
				CLANG_ENABLE_OBJC_WEAK = YES;
				CLANG_WARN_BLOCK_CAPTURE_AUTORELEASING = YES;
				CLANG_WARN_BOOL_CONVERSION = YES;
				CLANG_WARN_COMMA = YES;
				CLANG_WARN_CONSTANT_CONVERSION = YES;
				CLANG_WARN_DEPRECATED_OBJC_IMPLEMENTATIONS = YES;
				CLANG_WARN_DIRECT_OBJC_ISA_USAGE = YES_ERROR;
				CLANG_WARN_DOCUMENTATION_COMMENTS = YES;
				CLANG_WARN_EMPTY_BODY = YES;
				CLANG_WARN_ENUM_CONVERSION = YES;
				CLANG_WARN_INFINITE_RECURSION = YES;
				CLANG_WARN_INT_CONVERSION = YES;
				CLANG_WARN_NON_LITERAL_NULL_CONVERSION = YES;
				CLANG_WARN_OBJC_IMPLICIT_RETAIN_SELF = YES;
				CLANG_WARN_OBJC_LITERAL_CONVERSION = YES;
				CLANG_WARN_OBJC_ROOT_CLASS = YES_ERROR;
				CLANG_WARN_RANGE_LOOP_ANALYSIS = YES;
				CLANG_WARN_STRICT_PROTOTYPES = YES;
				CLANG_WARN_SUSPICIOUS_MOVE = YES;
				CLANG_WARN_UNGUARDED_AVAILABILITY = YES_AGGRESSIVE;
				CLANG_WARN_UNREACHABLE_CODE = YES;
				CLANG_WARN__DUPLICATE_METHOD_MATCH = YES;
				COPY_PHASE_STRIP = NO;
				DEBUG_INFORMATION_FORMAT = dwarf;
				ENABLE_STRICT_OBJC_MSGSEND = YES;
				ENABLE_TESTABILITY = YES;
				GCC_C_LANGUAGE_STANDARD = gnu11;
				GCC_DYNAMIC_NO_PIC = NO;
				GCC_NO_COMMON_BLOCKS = YES;
				GCC_OPTIMIZATION_LEVEL = 0;
				GCC_PREPROCESSOR_DEFINITIONS = (
					"DEBUG=1",
					"$(inherited)",
				);
				GCC_WARN_64_TO_32_BIT_CONVERSION = YES;
				GCC_WARN_ABOUT_RETURN_TYPE = YES_ERROR;
				GCC_WARN_UNDECLARED_SELECTOR = YES;
				GCC_WARN_UNINITIALIZED_AUTOS = YES_AGGRESSIVE;
				GCC_WARN_UNUSED_FUNCTION = YES;
				GCC_WARN_UNUSED_VARIABLE = YES;
				IPHONEOS_DEPLOYMENT_TARGET = 13.1;
				MTL_ENABLE_DEBUG_INFO = INCLUDE_SOURCE;
				MTL_FAST_MATH = YES;
				ONLY_ACTIVE_ARCH = YES;
				SDKROOT = iphoneos;
				SWIFT_ACTIVE_COMPILATION_CONDITIONS = DEBUG;
				SWIFT_OPTIMIZATION_LEVEL = "-Onone";
			};
			name = Debug;
		};
		77E248CC234F4B3300514489 /* Release */ = {
			isa = XCBuildConfiguration;
			buildSettings = {
				ALWAYS_SEARCH_USER_PATHS = NO;
				CLANG_ANALYZER_NONNULL = YES;
				CLANG_ANALYZER_NUMBER_OBJECT_CONVERSION = YES_AGGRESSIVE;
				CLANG_CXX_LANGUAGE_STANDARD = "gnu++14";
				CLANG_CXX_LIBRARY = "libc++";
				CLANG_ENABLE_MODULES = YES;
				CLANG_ENABLE_OBJC_ARC = YES;
				CLANG_ENABLE_OBJC_WEAK = YES;
				CLANG_WARN_BLOCK_CAPTURE_AUTORELEASING = YES;
				CLANG_WARN_BOOL_CONVERSION = YES;
				CLANG_WARN_COMMA = YES;
				CLANG_WARN_CONSTANT_CONVERSION = YES;
				CLANG_WARN_DEPRECATED_OBJC_IMPLEMENTATIONS = YES;
				CLANG_WARN_DIRECT_OBJC_ISA_USAGE = YES_ERROR;
				CLANG_WARN_DOCUMENTATION_COMMENTS = YES;
				CLANG_WARN_EMPTY_BODY = YES;
				CLANG_WARN_ENUM_CONVERSION = YES;
				CLANG_WARN_INFINITE_RECURSION = YES;
				CLANG_WARN_INT_CONVERSION = YES;
				CLANG_WARN_NON_LITERAL_NULL_CONVERSION = YES;
				CLANG_WARN_OBJC_IMPLICIT_RETAIN_SELF = YES;
				CLANG_WARN_OBJC_LITERAL_CONVERSION = YES;
				CLANG_WARN_OBJC_ROOT_CLASS = YES_ERROR;
				CLANG_WARN_RANGE_LOOP_ANALYSIS = YES;
				CLANG_WARN_STRICT_PROTOTYPES = YES;
				CLANG_WARN_SUSPICIOUS_MOVE = YES;
				CLANG_WARN_UNGUARDED_AVAILABILITY = YES_AGGRESSIVE;
				CLANG_WARN_UNREACHABLE_CODE = YES;
				CLANG_WARN__DUPLICATE_METHOD_MATCH = YES;
				COPY_PHASE_STRIP = NO;
				DEBUG_INFORMATION_FORMAT = "dwarf-with-dsym";
				ENABLE_NS_ASSERTIONS = NO;
				ENABLE_STRICT_OBJC_MSGSEND = YES;
				GCC_C_LANGUAGE_STANDARD = gnu11;
				GCC_NO_COMMON_BLOCKS = YES;
				GCC_WARN_64_TO_32_BIT_CONVERSION = YES;
				GCC_WARN_ABOUT_RETURN_TYPE = YES_ERROR;
				GCC_WARN_UNDECLARED_SELECTOR = YES;
				GCC_WARN_UNINITIALIZED_AUTOS = YES_AGGRESSIVE;
				GCC_WARN_UNUSED_FUNCTION = YES;
				GCC_WARN_UNUSED_VARIABLE = YES;
				IPHONEOS_DEPLOYMENT_TARGET = 13.1;
				MTL_ENABLE_DEBUG_INFO = NO;
				MTL_FAST_MATH = YES;
				SDKROOT = iphoneos;
				SWIFT_COMPILATION_MODE = wholemodule;
				SWIFT_OPTIMIZATION_LEVEL = "-O";
				VALIDATE_PRODUCT = YES;
			};
			name = Release;
		};
		77E248CE234F4B3300514489 /* Debug */ = {
			isa = XCBuildConfiguration;
			buildSettings = {
				ASSETCATALOG_COMPILER_APPICON_NAME = AppIcon;
				CODE_SIGN_STYLE = Automatic;
				DEVELOPMENT_ASSET_PATHS = "\"Day-pi/Preview Content\"";
				DEVELOPMENT_TEAM = LGLDN3729L;
				ENABLE_PREVIEWS = YES;
				INFOPLIST_FILE = "Day-pi/Info.plist";
				LD_RUNPATH_SEARCH_PATHS = (
					"$(inherited)",
					"@executable_path/Frameworks",
				);
				PRODUCT_BUNDLE_IDENTIFIER = "com.edgardoagno.Day-pi";
				PRODUCT_NAME = "$(TARGET_NAME)";
				SWIFT_VERSION = 5.0;
				TARGETED_DEVICE_FAMILY = "1,2";
			};
			name = Debug;
		};
		77E248CF234F4B3300514489 /* Release */ = {
			isa = XCBuildConfiguration;
			buildSettings = {
				ASSETCATALOG_COMPILER_APPICON_NAME = AppIcon;
				CODE_SIGN_STYLE = Automatic;
				DEVELOPMENT_ASSET_PATHS = "\"Day-pi/Preview Content\"";
				DEVELOPMENT_TEAM = LGLDN3729L;
				ENABLE_PREVIEWS = YES;
				INFOPLIST_FILE = "Day-pi/Info.plist";
				LD_RUNPATH_SEARCH_PATHS = (
					"$(inherited)",
					"@executable_path/Frameworks",
				);
				PRODUCT_BUNDLE_IDENTIFIER = "com.edgardoagno.Day-pi";
				PRODUCT_NAME = "$(TARGET_NAME)";
				SWIFT_VERSION = 5.0;
				TARGETED_DEVICE_FAMILY = "1,2";
			};
			name = Release;
		};
/* End XCBuildConfiguration section */

/* Begin XCConfigurationList section */
		77E248B4234F4B3300514489 /* Build configuration list for PBXProject "Day-pi" */ = {
			isa = XCConfigurationList;
			buildConfigurations = (
				77E248CB234F4B3300514489 /* Debug */,
				77E248CC234F4B3300514489 /* Release */,
			);
			defaultConfigurationIsVisible = 0;
			defaultConfigurationName = Release;
		};
		77E248CD234F4B3300514489 /* Build configuration list for PBXNativeTarget "Day-pi" */ = {
			isa = XCConfigurationList;
			buildConfigurations = (
				77E248CE234F4B3300514489 /* Debug */,
				77E248CF234F4B3300514489 /* Release */,
			);
			defaultConfigurationIsVisible = 0;
			defaultConfigurationName = Release;
		};
/* End XCConfigurationList section */
	};
	rootObject = 77E248B1234F4B3300514489 /* Project object */;
}
